
Microsoft Visual Studio Solution File, Format Version 12.00
# Visual Studio Version 17
VisualStudioVersion = 17.8.34316.72
MinimumVisualStudioVersion = 10.0.40219.1
Project("{FAE04EC0-301F-11D3-BF4B-00C04F79EFBC}") = "Api", "Api\Api.csproj", "{66971437-CC93-4A2B-93E4-C9902709F88B}"
EndProject
Global
	GlobalSection(SolutionConfigurationPlatforms) = preSolution
		Debug|Any CPU = Debug|Any CPU
		Release|Any CPU = Release|Any CPU
	EndGlobalSection
	GlobalSection(ProjectConfigurationPlatforms) = postSolution
		{66971437-CC93-4A2B-93E4-C9902709F88B}.Debug|Any CPU.ActiveCfg = Debug|Any CPU
		{66971437-CC93-4A2B-93E4-C9902709F88B}.Debug|Any CPU.Build.0 = Debug|Any CPU
		{66971437-CC93-4A2B-93E4-C9902709F88B}.Release|Any CPU.ActiveCfg = Release|Any CPU
		{66971437-CC93-4A2B-93E4-C9902709F88B}.Release|Any CPU.Build.0 = Release|Any CPU
	EndGlobalSection
	GlobalSection(SolutionProperties) = preSolution
		HideSolutionNode = FALSE
	EndGlobalSection
	GlobalSection(ExtensibilityGlobals) = postSolution
		SolutionGuid = {DCA38C47-FA9C-4401-A2CD-E5AB2BED0297}
	EndGlobalSection
EndGlobal
